
Microsoft Visual Studio Solution File, Format Version 12.00
# Visual Studio Version 16
VisualStudioVersion = 16.0.30804.86
MinimumVisualStudioVersion = 10.0.40219.1
Project("{2150E333-8FDC-42A3-9474-1A3956D46DE8}") = "Solution Items", "Solution Items", "{D96DF73A-E019-4EFB-A165-9033957E902A}"
	ProjectSection(SolutionItems) = preProject
		q9.sql = q9.sql
		TZ.txt = TZ.txt
	EndProjectSection
EndProject
Project("{9A19103F-16F7-4668-BE54-9A1E7A4F7556}") = "Q8_lib", "Q8_lib\Q8_lib.csproj", "{7365F948-9444-4162-A7D2-DB74034C91FE}"
EndProject
Project("{9A19103F-16F7-4668-BE54-9A1E7A4F7556}") = "MSTest", "MSTest\MSTest.csproj", "{59B8AF8F-C3B5-4425-A9F5-540A156E4310}"
EndProject
Global
	GlobalSection(SolutionConfigurationPlatforms) = preSolution
		Debug|Any CPU = Debug|Any CPU
		Release|Any CPU = Release|Any CPU
	EndGlobalSection
	GlobalSection(ProjectConfigurationPlatforms) = postSolution
		{7365F948-9444-4162-A7D2-DB74034C91FE}.Debug|Any CPU.ActiveCfg = Debug|Any CPU
		{7365F948-9444-4162-A7D2-DB74034C91FE}.Debug|Any CPU.Build.0 = Debug|Any CPU
		{7365F948-9444-4162-A7D2-DB74034C91FE}.Release|Any CPU.ActiveCfg = Release|Any CPU
		{7365F948-9444-4162-A7D2-DB74034C91FE}.Release|Any CPU.Build.0 = Release|Any CPU
		{59B8AF8F-C3B5-4425-A9F5-540A156E4310}.Debug|Any CPU.ActiveCfg = Debug|Any CPU
		{59B8AF8F-C3B5-4425-A9F5-540A156E4310}.Debug|Any CPU.Build.0 = Debug|Any CPU
		{59B8AF8F-C3B5-4425-A9F5-540A156E4310}.Release|Any CPU.ActiveCfg = Release|Any CPU
		{59B8AF8F-C3B5-4425-A9F5-540A156E4310}.Release|Any CPU.Build.0 = Release|Any CPU
	EndGlobalSection
	GlobalSection(SolutionProperties) = preSolution
		HideSolutionNode = FALSE
	EndGlobalSection
	GlobalSection(NestedProjects) = preSolution
		{7365F948-9444-4162-A7D2-DB74034C91FE} = {D96DF73A-E019-4EFB-A165-9033957E902A}
		{59B8AF8F-C3B5-4425-A9F5-540A156E4310} = {D96DF73A-E019-4EFB-A165-9033957E902A}
	EndGlobalSection
	GlobalSection(ExtensibilityGlobals) = postSolution
		SolutionGuid = {4B48FACE-7FCB-40A3-87CA-6A53F9181A07}
	EndGlobalSection
EndGlobal
